
Microsoft Visual Studio Solution File, Format Version 12.00
# Visual Studio Version 17
VisualStudioVersion = 17.3.32901.215
MinimumVisualStudioVersion = 10.0.40219.1
Project("{FAE04EC0-301F-11D3-BF4B-00C04F79EFBC}") = "Test_DB", "Test_DB\Test_DB.csproj", "{5FA42FDD-B9A1-4974-B3E9-0EDACDA1BF14}"
EndProject
Global
	GlobalSection(SolutionConfigurationPlatforms) = preSolution
		Debug|Any CPU = Debug|Any CPU
		Release|Any CPU = Release|Any CPU
	EndGlobalSection
	GlobalSection(ProjectConfigurationPlatforms) = postSolution
		{5FA42FDD-B9A1-4974-B3E9-0EDACDA1BF14}.Debug|Any CPU.ActiveCfg = Debug|Any CPU
		{5FA42FDD-B9A1-4974-B3E9-0EDACDA1BF14}.Debug|Any CPU.Build.0 = Debug|Any CPU
		{5FA42FDD-B9A1-4974-B3E9-0EDACDA1BF14}.Release|Any CPU.ActiveCfg = Release|Any CPU
		{5FA42FDD-B9A1-4974-B3E9-0EDACDA1BF14}.Release|Any CPU.Build.0 = Release|Any CPU
	EndGlobalSection
	GlobalSection(SolutionProperties) = preSolution
		HideSolutionNode = FALSE
	EndGlobalSection
	GlobalSection(ExtensibilityGlobals) = postSolution
		SolutionGuid = {88525293-83D1-4048-9ADF-3FB761942915}
	EndGlobalSection
EndGlobal
