
Microsoft Visual Studio Solution File, Format Version 12.00
# Visual Studio Version 17
VisualStudioVersion = 17.3.32901.215
MinimumVisualStudioVersion = 10.0.40219.1
Project("{FAE04EC0-301F-11D3-BF4B-00C04F79EFBC}") = "News", "News\News.csproj", "{1C3268B9-1154-4DAF-A1C2-9AD19FFC60B5}"
EndProject
Project("{FAE04EC0-301F-11D3-BF4B-00C04F79EFBC}") = "BLL", "BLL\BLL.csproj", "{E34B1171-C778-4037-BEBE-F395124BE298}"
EndProject
Project("{FAE04EC0-301F-11D3-BF4B-00C04F79EFBC}") = "DAL", "DAL\DAL.csproj", "{74E9A759-754B-438E-A57D-D058A8B210CE}"
EndProject
Global
	GlobalSection(SolutionConfigurationPlatforms) = preSolution
		Debug|Any CPU = Debug|Any CPU
		Release|Any CPU = Release|Any CPU
	EndGlobalSection
	GlobalSection(ProjectConfigurationPlatforms) = postSolution
		{1C3268B9-1154-4DAF-A1C2-9AD19FFC60B5}.Debug|Any CPU.ActiveCfg = Debug|Any CPU
		{1C3268B9-1154-4DAF-A1C2-9AD19FFC60B5}.Debug|Any CPU.Build.0 = Debug|Any CPU
		{1C3268B9-1154-4DAF-A1C2-9AD19FFC60B5}.Release|Any CPU.ActiveCfg = Release|Any CPU
		{1C3268B9-1154-4DAF-A1C2-9AD19FFC60B5}.Release|Any CPU.Build.0 = Release|Any CPU
		{E34B1171-C778-4037-BEBE-F395124BE298}.Debug|Any CPU.ActiveCfg = Debug|Any CPU
		{E34B1171-C778-4037-BEBE-F395124BE298}.Debug|Any CPU.Build.0 = Debug|Any CPU
		{E34B1171-C778-4037-BEBE-F395124BE298}.Release|Any CPU.ActiveCfg = Release|Any CPU
		{E34B1171-C778-4037-BEBE-F395124BE298}.Release|Any CPU.Build.0 = Release|Any CPU
		{74E9A759-754B-438E-A57D-D058A8B210CE}.Debug|Any CPU.ActiveCfg = Debug|Any CPU
		{74E9A759-754B-438E-A57D-D058A8B210CE}.Debug|Any CPU.Build.0 = Debug|Any CPU
		{74E9A759-754B-438E-A57D-D058A8B210CE}.Release|Any CPU.ActiveCfg = Release|Any CPU
		{74E9A759-754B-438E-A57D-D058A8B210CE}.Release|Any CPU.Build.0 = Release|Any CPU
	EndGlobalSection
	GlobalSection(SolutionProperties) = preSolution
		HideSolutionNode = FALSE
	EndGlobalSection
	GlobalSection(ExtensibilityGlobals) = postSolution
		SolutionGuid = {8F484D5D-517E-4EC5-BD92-DC56FA90982E}
	EndGlobalSection
EndGlobal
