
Microsoft Visual Studio Solution File, Format Version 12.00
# Visual Studio Version 17
VisualStudioVersion = 17.3.32901.215
MinimumVisualStudioVersion = 10.0.40219.1
Project("{FAE04EC0-301F-11D3-BF4B-00C04F79EFBC}") = "Association", "Association\Association.csproj", "{4B43C610-E4D2-4DC6-B618-75D7244564A3}"
EndProject
Global
	GlobalSection(SolutionConfigurationPlatforms) = preSolution
		Debug|Any CPU = Debug|Any CPU
		Release|Any CPU = Release|Any CPU
	EndGlobalSection
	GlobalSection(ProjectConfigurationPlatforms) = postSolution
		{4B43C610-E4D2-4DC6-B618-75D7244564A3}.Debug|Any CPU.ActiveCfg = Debug|Any CPU
		{4B43C610-E4D2-4DC6-B618-75D7244564A3}.Debug|Any CPU.Build.0 = Debug|Any CPU
		{4B43C610-E4D2-4DC6-B618-75D7244564A3}.Release|Any CPU.ActiveCfg = Release|Any CPU
		{4B43C610-E4D2-4DC6-B618-75D7244564A3}.Release|Any CPU.Build.0 = Release|Any CPU
	EndGlobalSection
	GlobalSection(SolutionProperties) = preSolution
		HideSolutionNode = FALSE
	EndGlobalSection
	GlobalSection(ExtensibilityGlobals) = postSolution
		SolutionGuid = {2CCC20DB-F042-4AC3-9B70-01C2EED1B0F4}
	EndGlobalSection
EndGlobal
