
Microsoft Visual Studio Solution File, Format Version 12.00
# Visual Studio Version 17
VisualStudioVersion = 17.3.32901.215
MinimumVisualStudioVersion = 10.0.40219.1
Project("{FAE04EC0-301F-11D3-BF4B-00C04F79EFBC}") = "Lab_1", "Lab_1\Lab_1.csproj", "{5ED43A15-85CB-46CD-A1B3-6B5699B75760}"
EndProject
Global
	GlobalSection(SolutionConfigurationPlatforms) = preSolution
		Debug|Any CPU = Debug|Any CPU
		Release|Any CPU = Release|Any CPU
	EndGlobalSection
	GlobalSection(ProjectConfigurationPlatforms) = postSolution
		{5ED43A15-85CB-46CD-A1B3-6B5699B75760}.Debug|Any CPU.ActiveCfg = Debug|Any CPU
		{5ED43A15-85CB-46CD-A1B3-6B5699B75760}.Debug|Any CPU.Build.0 = Debug|Any CPU
		{5ED43A15-85CB-46CD-A1B3-6B5699B75760}.Release|Any CPU.ActiveCfg = Release|Any CPU
		{5ED43A15-85CB-46CD-A1B3-6B5699B75760}.Release|Any CPU.Build.0 = Release|Any CPU
	EndGlobalSection
	GlobalSection(SolutionProperties) = preSolution
		HideSolutionNode = FALSE
	EndGlobalSection
	GlobalSection(ExtensibilityGlobals) = postSolution
		SolutionGuid = {2F12EF2A-FF9F-4045-A213-2B3222E01B5C}
	EndGlobalSection
EndGlobal
